
Microsoft Visual Studio Solution File, Format Version 12.00
# Visual Studio Version 17
VisualStudioVersion = 17.4.33213.308
MinimumVisualStudioVersion = 10.0.40219.1
Project("{FAE04EC0-301F-11D3-BF4B-00C04F79EFBC}") = "DETPES", "DETPES\DETPES.csproj", "{10DD5A7D-D585-44E7-87CC-2F228444362B}"
EndProject
Global
	GlobalSection(SolutionConfigurationPlatforms) = preSolution
		Debug|Any CPU = Debug|Any CPU
		Release|Any CPU = Release|Any CPU
	EndGlobalSection
	GlobalSection(ProjectConfigurationPlatforms) = postSolution
		{10DD5A7D-D585-44E7-87CC-2F228444362B}.Debug|Any CPU.ActiveCfg = Debug|Any CPU
		{10DD5A7D-D585-44E7-87CC-2F228444362B}.Debug|Any CPU.Build.0 = Debug|Any CPU
		{10DD5A7D-D585-44E7-87CC-2F228444362B}.Release|Any CPU.ActiveCfg = Release|Any CPU
		{10DD5A7D-D585-44E7-87CC-2F228444362B}.Release|Any CPU.Build.0 = Release|Any CPU
	EndGlobalSection
	GlobalSection(SolutionProperties) = preSolution
		HideSolutionNode = FALSE
	EndGlobalSection
	GlobalSection(ExtensibilityGlobals) = postSolution
		SolutionGuid = {DBB6DD89-8F9F-4325-9A14-A9AF8DC79427}
	EndGlobalSection
EndGlobal
